
Microsoft Visual Studio Solution File, Format Version 12.00
# Visual Studio 14
VisualStudioVersion = 14.0.25420.1
MinimumVisualStudioVersion = 10.0.40219.1
Project("{FAE04EC0-301F-11D3-BF4B-00C04F79EFBC}") = "MT.CSGPortal.Entities", "MT.CSGPortal.Entities\MT.CSGPortal.Entities.csproj", "{138E7F8F-C0D9-4520-A931-7930CDFB379D}"
EndProject
Project("{FAE04EC0-301F-11D3-BF4B-00C04F79EFBC}") = "MT.CSGPortal.Portable.Entities", "MT.CSGPortal.Portable.Entities\MT.CSGPortal.Portable.Entities.csproj", "{F21378A1-68F4-4802-BF7D-58632D851889}"
EndProject
Project("{FAE04EC0-301F-11D3-BF4B-00C04F79EFBC}") = "MT.CSGPortal.BL", "MT.CSGPortal.BL\MT.CSGPortal.BL.csproj", "{F4450126-140B-43BF-ABF2-4D4D8E63990B}"
EndProject
Project("{FAE04EC0-301F-11D3-BF4B-00C04F79EFBC}") = "MT.CSGPortal.DAL", "MT.CSGPortal.DAL\MT.CSGPortal.DAL.csproj", "{F95E9D71-10B0-4C3F-9434-FAA0B66FB2C0}"
EndProject
Project("{FAE04EC0-301F-11D3-BF4B-00C04F79EFBC}") = "MT.CSGPortal.Utility", "MT.CSGPortal.Utility\MT.CSGPortal.Utility.csproj", "{DA2F43BE-834F-4559-9A20-7265178E54A8}"
EndProject
Project("{00D1A9C2-B5F0-4AF3-8072-F6C62B433612}") = "MT.CSGPortal.Database", "MT.CSGPortal.Database\MT.CSGPortal.Database.sqlproj", "{0E32794E-2612-483E-89A3-5BFC230B475B}"
EndProject
Project("{FAE04EC0-301F-11D3-BF4B-00C04F79EFBC}") = "MT.CSGPortal.UserInterface", "MT.CSGPortal.UserInterface\MT.CSGPortal.UserInterface.csproj", "{7653362B-6394-4D21-B93B-BAE9FE75D61A}"
EndProject
Project("{FAE04EC0-301F-11D3-BF4B-00C04F79EFBC}") = "MT.CSGPortal.Utility.Tests", "MT.CSGPortal.Utility.Tests\MT.CSGPortal.Utility.Tests.csproj", "{676FD1A5-D113-408E-95DD-BB8A9E03AB80}"
EndProject
Project("{00D1A9C2-B5F0-4AF3-8072-F6C62B433612}") = "MT.CSGPortal.DBPackage", "MT.CSGPortal.DBPackage\MT.CSGPortal.DBPackage\MT.CSGPortal.DBPackage.sqlproj", "{243472CF-242D-4340-B54F-FC3EAD4587DF}"
EndProject
Project("{2150E333-8FDC-42A3-9474-1A3956D46DE8}") = "Solution Items", "Solution Items", "{BBD473E1-2331-4247-97D3-4EDD78EB8C2F}"
	ProjectSection(SolutionItems) = preProject
		Startup.bat = Startup.bat
	EndProjectSection
EndProject
Global
	GlobalSection(SolutionConfigurationPlatforms) = preSolution
		Debug|Any CPU = Debug|Any CPU
		Release|Any CPU = Release|Any CPU
	EndGlobalSection
	GlobalSection(ProjectConfigurationPlatforms) = postSolution
		{138E7F8F-C0D9-4520-A931-7930CDFB379D}.Debug|Any CPU.ActiveCfg = Debug|Any CPU
		{138E7F8F-C0D9-4520-A931-7930CDFB379D}.Debug|Any CPU.Build.0 = Debug|Any CPU
		{138E7F8F-C0D9-4520-A931-7930CDFB379D}.Release|Any CPU.ActiveCfg = Release|Any CPU
		{138E7F8F-C0D9-4520-A931-7930CDFB379D}.Release|Any CPU.Build.0 = Release|Any CPU
		{F21378A1-68F4-4802-BF7D-58632D851889}.Debug|Any CPU.ActiveCfg = Debug|Any CPU
		{F21378A1-68F4-4802-BF7D-58632D851889}.Debug|Any CPU.Build.0 = Debug|Any CPU
		{F21378A1-68F4-4802-BF7D-58632D851889}.Release|Any CPU.ActiveCfg = Release|Any CPU
		{F21378A1-68F4-4802-BF7D-58632D851889}.Release|Any CPU.Build.0 = Release|Any CPU
		{F4450126-140B-43BF-ABF2-4D4D8E63990B}.Debug|Any CPU.ActiveCfg = Debug|Any CPU
		{F4450126-140B-43BF-ABF2-4D4D8E63990B}.Debug|Any CPU.Build.0 = Debug|Any CPU
		{F4450126-140B-43BF-ABF2-4D4D8E63990B}.Release|Any CPU.ActiveCfg = Release|Any CPU
		{F4450126-140B-43BF-ABF2-4D4D8E63990B}.Release|Any CPU.Build.0 = Release|Any CPU
		{F95E9D71-10B0-4C3F-9434-FAA0B66FB2C0}.Debug|Any CPU.ActiveCfg = Debug|Any CPU
		{F95E9D71-10B0-4C3F-9434-FAA0B66FB2C0}.Debug|Any CPU.Build.0 = Debug|Any CPU
		{F95E9D71-10B0-4C3F-9434-FAA0B66FB2C0}.Release|Any CPU.ActiveCfg = Release|Any CPU
		{F95E9D71-10B0-4C3F-9434-FAA0B66FB2C0}.Release|Any CPU.Build.0 = Release|Any CPU
		{DA2F43BE-834F-4559-9A20-7265178E54A8}.Debug|Any CPU.ActiveCfg = Debug|Any CPU
		{DA2F43BE-834F-4559-9A20-7265178E54A8}.Debug|Any CPU.Build.0 = Debug|Any CPU
		{DA2F43BE-834F-4559-9A20-7265178E54A8}.Release|Any CPU.ActiveCfg = Release|Any CPU
		{DA2F43BE-834F-4559-9A20-7265178E54A8}.Release|Any CPU.Build.0 = Release|Any CPU
		{0E32794E-2612-483E-89A3-5BFC230B475B}.Debug|Any CPU.ActiveCfg = Debug|Any CPU
		{0E32794E-2612-483E-89A3-5BFC230B475B}.Debug|Any CPU.Build.0 = Debug|Any CPU
		{0E32794E-2612-483E-89A3-5BFC230B475B}.Debug|Any CPU.Deploy.0 = Debug|Any CPU
		{0E32794E-2612-483E-89A3-5BFC230B475B}.Release|Any CPU.ActiveCfg = Release|Any CPU
		{0E32794E-2612-483E-89A3-5BFC230B475B}.Release|Any CPU.Build.0 = Release|Any CPU
		{0E32794E-2612-483E-89A3-5BFC230B475B}.Release|Any CPU.Deploy.0 = Release|Any CPU
		{7653362B-6394-4D21-B93B-BAE9FE75D61A}.Debug|Any CPU.ActiveCfg = Debug|Any CPU
		{7653362B-6394-4D21-B93B-BAE9FE75D61A}.Debug|Any CPU.Build.0 = Debug|Any CPU
		{7653362B-6394-4D21-B93B-BAE9FE75D61A}.Release|Any CPU.ActiveCfg = Release|Any CPU
		{7653362B-6394-4D21-B93B-BAE9FE75D61A}.Release|Any CPU.Build.0 = Release|Any CPU
		{676FD1A5-D113-408E-95DD-BB8A9E03AB80}.Debug|Any CPU.ActiveCfg = Debug|Any CPU
		{676FD1A5-D113-408E-95DD-BB8A9E03AB80}.Debug|Any CPU.Build.0 = Debug|Any CPU
		{676FD1A5-D113-408E-95DD-BB8A9E03AB80}.Release|Any CPU.ActiveCfg = Release|Any CPU
		{676FD1A5-D113-408E-95DD-BB8A9E03AB80}.Release|Any CPU.Build.0 = Release|Any CPU
		{243472CF-242D-4340-B54F-FC3EAD4587DF}.Debug|Any CPU.ActiveCfg = Debug|Any CPU
		{243472CF-242D-4340-B54F-FC3EAD4587DF}.Debug|Any CPU.Build.0 = Debug|Any CPU
		{243472CF-242D-4340-B54F-FC3EAD4587DF}.Debug|Any CPU.Deploy.0 = Debug|Any CPU
		{243472CF-242D-4340-B54F-FC3EAD4587DF}.Release|Any CPU.ActiveCfg = Release|Any CPU
		{243472CF-242D-4340-B54F-FC3EAD4587DF}.Release|Any CPU.Build.0 = Release|Any CPU
		{243472CF-242D-4340-B54F-FC3EAD4587DF}.Release|Any CPU.Deploy.0 = Release|Any CPU
	EndGlobalSection
	GlobalSection(SolutionProperties) = preSolution
		HideSolutionNode = FALSE
	EndGlobalSection
EndGlobal
